
Microsoft Visual Studio Solution File, Format Version 12.00
# Visual Studio Version 16
VisualStudioVersion = 16.0.34601.136
MinimumVisualStudioVersion = 10.0.40219.1
Project("{FAE04EC0-301F-11D3-BF4B-00C04F79EFBC}") = "Interfaz", "Interfaz\Interfaz.csproj", "{11790C05-6993-4F08-A3FE-081008E931E0}"
EndProject
Project("{FAE04EC0-301F-11D3-BF4B-00C04F79EFBC}") = "Controladores", "Controladores\Controladores.csproj", "{0934343A-1C49-41E0-A536-3C9550EEDA1E}"
EndProject
Project("{FAE04EC0-301F-11D3-BF4B-00C04F79EFBC}") = "Modelo", "Modelo\Modelo.csproj", "{5C482FA9-70E1-4E66-B291-4682C13BA4E0}"
EndProject
Global
	GlobalSection(SolutionConfigurationPlatforms) = preSolution
		Debug|Any CPU = Debug|Any CPU
		Release|Any CPU = Release|Any CPU
	EndGlobalSection
	GlobalSection(ProjectConfigurationPlatforms) = postSolution
		{11790C05-6993-4F08-A3FE-081008E931E0}.Debug|Any CPU.ActiveCfg = Debug|Any CPU
		{11790C05-6993-4F08-A3FE-081008E931E0}.Debug|Any CPU.Build.0 = Debug|Any CPU
		{11790C05-6993-4F08-A3FE-081008E931E0}.Release|Any CPU.ActiveCfg = Release|Any CPU
		{11790C05-6993-4F08-A3FE-081008E931E0}.Release|Any CPU.Build.0 = Release|Any CPU
		{0934343A-1C49-41E0-A536-3C9550EEDA1E}.Debug|Any CPU.ActiveCfg = Debug|Any CPU
		{0934343A-1C49-41E0-A536-3C9550EEDA1E}.Debug|Any CPU.Build.0 = Debug|Any CPU
		{0934343A-1C49-41E0-A536-3C9550EEDA1E}.Release|Any CPU.ActiveCfg = Release|Any CPU
		{0934343A-1C49-41E0-A536-3C9550EEDA1E}.Release|Any CPU.Build.0 = Release|Any CPU
		{5C482FA9-70E1-4E66-B291-4682C13BA4E0}.Debug|Any CPU.ActiveCfg = Debug|Any CPU
		{5C482FA9-70E1-4E66-B291-4682C13BA4E0}.Debug|Any CPU.Build.0 = Debug|Any CPU
		{5C482FA9-70E1-4E66-B291-4682C13BA4E0}.Release|Any CPU.ActiveCfg = Release|Any CPU
		{5C482FA9-70E1-4E66-B291-4682C13BA4E0}.Release|Any CPU.Build.0 = Release|Any CPU
	EndGlobalSection
	GlobalSection(SolutionProperties) = preSolution
		HideSolutionNode = FALSE
	EndGlobalSection
	GlobalSection(ExtensibilityGlobals) = postSolution
		SolutionGuid = {E676D188-37E7-4367-84B0-FED219DB2A1C}
	EndGlobalSection
EndGlobal
